
Microsoft Visual Studio Solution File, Format Version 12.00
# Visual Studio Version 17
VisualStudioVersion = 17.8.34408.163
MinimumVisualStudioVersion = 10.0.40219.1
Project("{FAE04EC0-301F-11D3-BF4B-00C04F79EFBC}") = "Server", "Server\Server.csproj", "{AA4F2371-7A01-4767-BE85-78D53A393649}"
EndProject
Global
	GlobalSection(SolutionConfigurationPlatforms) = preSolution
		Debug|Any CPU = Debug|Any CPU
		Release|Any CPU = Release|Any CPU
	EndGlobalSection
	GlobalSection(ProjectConfigurationPlatforms) = postSolution
		{AA4F2371-7A01-4767-BE85-78D53A393649}.Debug|Any CPU.ActiveCfg = Debug|Any CPU
		{AA4F2371-7A01-4767-BE85-78D53A393649}.Debug|Any CPU.Build.0 = Debug|Any CPU
		{AA4F2371-7A01-4767-BE85-78D53A393649}.Release|Any CPU.ActiveCfg = Release|Any CPU
		{AA4F2371-7A01-4767-BE85-78D53A393649}.Release|Any CPU.Build.0 = Release|Any CPU
	EndGlobalSection
	GlobalSection(SolutionProperties) = preSolution
		HideSolutionNode = FALSE
	EndGlobalSection
	GlobalSection(ExtensibilityGlobals) = postSolution
		SolutionGuid = {124B62C4-C2E2-40A6-A8DE-ECDE1F55A17D}
	EndGlobalSection
EndGlobal
